
Microsoft Visual Studio Solution File, Format Version 12.00
# Visual Studio 2012
Project("{FAE04EC0-301F-11D3-BF4B-00C04F79EFBC}") = "SGBDynamoLibrary", "SGBDynamoLibrary.csproj", "{F55AA16A-0641-4BFF-B54B-6018CF806CE9}"
EndProject
Global
	GlobalSection(SolutionConfigurationPlatforms) = preSolution
		Debug|Any CPU = Debug|Any CPU
		Debug|Mixed Platforms = Debug|Mixed Platforms
		Debug|x64 = Debug|x64
		Release|Any CPU = Release|Any CPU
		Release|Mixed Platforms = Release|Mixed Platforms
		Release|x64 = Release|x64
	EndGlobalSection
	GlobalSection(ProjectConfigurationPlatforms) = postSolution
		{F55AA16A-0641-4BFF-B54B-6018CF806CE9}.Debug|Any CPU.ActiveCfg = Debug|Any CPU
		{F55AA16A-0641-4BFF-B54B-6018CF806CE9}.Debug|Any CPU.Build.0 = Debug|Any CPU
		{F55AA16A-0641-4BFF-B54B-6018CF806CE9}.Debug|Mixed Platforms.ActiveCfg = Debug|Any CPU
		{F55AA16A-0641-4BFF-B54B-6018CF806CE9}.Debug|Mixed Platforms.Build.0 = Debug|Any CPU
		{F55AA16A-0641-4BFF-B54B-6018CF806CE9}.Debug|x64.ActiveCfg = Debug|Any CPU
		{F55AA16A-0641-4BFF-B54B-6018CF806CE9}.Release|Any CPU.ActiveCfg = Release|Any CPU
		{F55AA16A-0641-4BFF-B54B-6018CF806CE9}.Release|Any CPU.Build.0 = Release|Any CPU
		{F55AA16A-0641-4BFF-B54B-6018CF806CE9}.Release|Mixed Platforms.ActiveCfg = Release|Any CPU
		{F55AA16A-0641-4BFF-B54B-6018CF806CE9}.Release|Mixed Platforms.Build.0 = Release|Any CPU
		{F55AA16A-0641-4BFF-B54B-6018CF806CE9}.Release|x64.ActiveCfg = Release|Any CPU
	EndGlobalSection
	GlobalSection(SolutionProperties) = preSolution
		HideSolutionNode = FALSE
	EndGlobalSection
EndGlobal
